
Microsoft Visual Studio Solution File, Format Version 12.00
# Visual Studio 14
VisualStudioVersion = 14.0.25420.1
MinimumVisualStudioVersion = 10.0.40219.1
Project("{FAE04EC0-301F-11D3-BF4B-00C04F79EFBC}") = "MindShift", "MindShift\MindShift.csproj", "{AC19C31B-D651-4AEF-9606-34B6B3897AD0}"
EndProject
Project("{FAE04EC0-301F-11D3-BF4B-00C04F79EFBC}") = "MindShift.DataAccess", "..\CovidHawks\MindShift.DataAccess\MindShift.DataAccess.csproj", "{C35615B7-C536-4B5B-9575-82D8172FDCB5}"
EndProject
Project("{FAE04EC0-301F-11D3-BF4B-00C04F79EFBC}") = "MindShift.Models", "..\CovidHawks\MindShift.Models\MindShift.Models.csproj", "{E5595AFF-4A92-414D-B115-6B003A606D3E}"
EndProject
Global
	GlobalSection(SolutionConfigurationPlatforms) = preSolution
		Debug|Any CPU = Debug|Any CPU
		Release|Any CPU = Release|Any CPU
	EndGlobalSection
	GlobalSection(ProjectConfigurationPlatforms) = postSolution
		{AC19C31B-D651-4AEF-9606-34B6B3897AD0}.Debug|Any CPU.ActiveCfg = Debug|Any CPU
		{AC19C31B-D651-4AEF-9606-34B6B3897AD0}.Debug|Any CPU.Build.0 = Debug|Any CPU
		{AC19C31B-D651-4AEF-9606-34B6B3897AD0}.Release|Any CPU.ActiveCfg = Release|Any CPU
		{AC19C31B-D651-4AEF-9606-34B6B3897AD0}.Release|Any CPU.Build.0 = Release|Any CPU
		{C35615B7-C536-4B5B-9575-82D8172FDCB5}.Debug|Any CPU.ActiveCfg = Debug|Any CPU
		{C35615B7-C536-4B5B-9575-82D8172FDCB5}.Debug|Any CPU.Build.0 = Debug|Any CPU
		{C35615B7-C536-4B5B-9575-82D8172FDCB5}.Release|Any CPU.ActiveCfg = Release|Any CPU
		{C35615B7-C536-4B5B-9575-82D8172FDCB5}.Release|Any CPU.Build.0 = Release|Any CPU
		{E5595AFF-4A92-414D-B115-6B003A606D3E}.Debug|Any CPU.ActiveCfg = Debug|Any CPU
		{E5595AFF-4A92-414D-B115-6B003A606D3E}.Debug|Any CPU.Build.0 = Debug|Any CPU
		{E5595AFF-4A92-414D-B115-6B003A606D3E}.Release|Any CPU.ActiveCfg = Release|Any CPU
		{E5595AFF-4A92-414D-B115-6B003A606D3E}.Release|Any CPU.Build.0 = Release|Any CPU
	EndGlobalSection
	GlobalSection(SolutionProperties) = preSolution
		HideSolutionNode = FALSE
	EndGlobalSection
EndGlobal
